# Pinned production deps — generated from .venv/bin/pip freeze
# Regenerate: pip freeze | grep -v dev-only-pkgs > requirements.lock
# Install:    pip install -r requirements.lock
annotated-types==0.7.0
anyio==4.14.0
certifi==2026.5.20
click==8.4.1
fastapi==0.137.1
h11==0.16.0
httptools==0.8.0
idna==3.18
jplephem==2.24
numpy==2.4.6
pydantic==2.13.4
pydantic_core==2.46.4
sgp4==2.25
skyfield==1.54
starlette==1.3.1
typing_extensions==4.15.0
uvicorn==0.49.0
